
Microsoft Visual Studio Solution File, Format Version 12.00
# Visual Studio Version 17
VisualStudioVersion = 17.6.33829.357
MinimumVisualStudioVersion = 10.0.40219.1
Project("{9A19103F-16F7-4668-BE54-9A1E7A4F7556}") = "RandomPassword", "RandomPassword\RandomPassword.csproj", "{82C8532C-4DFD-4256-AEBF-AD6BEA2D4A32}"
EndProject
Project("{9A19103F-16F7-4668-BE54-9A1E7A4F7556}") = "business", "business\business.csproj", "{F36732C4-6097-416F-9D66-37F2A5959B71}"
EndProject
Project("{9A19103F-16F7-4668-BE54-9A1E7A4F7556}") = "RandomPassordUI", "RandomPassordUI\RandomPassordUI.csproj", "{2FD2C05B-7911-47E9-9298-F8A15FB36E76}"
EndProject
Project("{9A19103F-16F7-4668-BE54-9A1E7A4F7556}") = "RandomPasswordWeb", "RandomPasswordWeb\RandomPasswordWeb.csproj", "{D73AD42E-2067-415B-AAA7-4261455FAE4C}"
EndProject
Global
	GlobalSection(SolutionConfigurationPlatforms) = preSolution
		Debug|Any CPU = Debug|Any CPU
		Release|Any CPU = Release|Any CPU
	EndGlobalSection
	GlobalSection(ProjectConfigurationPlatforms) = postSolution
		{82C8532C-4DFD-4256-AEBF-AD6BEA2D4A32}.Debug|Any CPU.ActiveCfg = Debug|Any CPU
		{82C8532C-4DFD-4256-AEBF-AD6BEA2D4A32}.Debug|Any CPU.Build.0 = Debug|Any CPU
		{82C8532C-4DFD-4256-AEBF-AD6BEA2D4A32}.Release|Any CPU.ActiveCfg = Release|Any CPU
		{82C8532C-4DFD-4256-AEBF-AD6BEA2D4A32}.Release|Any CPU.Build.0 = Release|Any CPU
		{F36732C4-6097-416F-9D66-37F2A5959B71}.Debug|Any CPU.ActiveCfg = Debug|Any CPU
		{F36732C4-6097-416F-9D66-37F2A5959B71}.Debug|Any CPU.Build.0 = Debug|Any CPU
		{F36732C4-6097-416F-9D66-37F2A5959B71}.Release|Any CPU.ActiveCfg = Release|Any CPU
		{F36732C4-6097-416F-9D66-37F2A5959B71}.Release|Any CPU.Build.0 = Release|Any CPU
		{2FD2C05B-7911-47E9-9298-F8A15FB36E76}.Debug|Any CPU.ActiveCfg = Debug|Any CPU
		{2FD2C05B-7911-47E9-9298-F8A15FB36E76}.Debug|Any CPU.Build.0 = Debug|Any CPU
		{2FD2C05B-7911-47E9-9298-F8A15FB36E76}.Release|Any CPU.ActiveCfg = Release|Any CPU
		{2FD2C05B-7911-47E9-9298-F8A15FB36E76}.Release|Any CPU.Build.0 = Release|Any CPU
		{D73AD42E-2067-415B-AAA7-4261455FAE4C}.Debug|Any CPU.ActiveCfg = Debug|Any CPU
		{D73AD42E-2067-415B-AAA7-4261455FAE4C}.Debug|Any CPU.Build.0 = Debug|Any CPU
		{D73AD42E-2067-415B-AAA7-4261455FAE4C}.Release|Any CPU.ActiveCfg = Release|Any CPU
		{D73AD42E-2067-415B-AAA7-4261455FAE4C}.Release|Any CPU.Build.0 = Release|Any CPU
	EndGlobalSection
	GlobalSection(SolutionProperties) = preSolution
		HideSolutionNode = FALSE
	EndGlobalSection
	GlobalSection(ExtensibilityGlobals) = postSolution
		SolutionGuid = {6ABF1F11-B5DF-4A97-91C8-FF9203C08F28}
	EndGlobalSection
EndGlobal
